
Microsoft Visual Studio Solution File, Format Version 12.00
# Visual Studio Version 17
VisualStudioVersion = 17.1.32407.343
MinimumVisualStudioVersion = 10.0.40219.1
Project("{FAE04EC0-301F-11D3-BF4B-00C04F79EFBC}") = "Arrays", "Arrays\Arrays.csproj", "{192F3ED3-2252-400B-8C3D-0D6B1DD3B97B}"
EndProject
Global
	GlobalSection(SolutionConfigurationPlatforms) = preSolution
		Debug|Any CPU = Debug|Any CPU
		Release|Any CPU = Release|Any CPU
	EndGlobalSection
	GlobalSection(ProjectConfigurationPlatforms) = postSolution
		{192F3ED3-2252-400B-8C3D-0D6B1DD3B97B}.Debug|Any CPU.ActiveCfg = Debug|Any CPU
		{192F3ED3-2252-400B-8C3D-0D6B1DD3B97B}.Debug|Any CPU.Build.0 = Debug|Any CPU
		{192F3ED3-2252-400B-8C3D-0D6B1DD3B97B}.Release|Any CPU.ActiveCfg = Release|Any CPU
		{192F3ED3-2252-400B-8C3D-0D6B1DD3B97B}.Release|Any CPU.Build.0 = Release|Any CPU
	EndGlobalSection
	GlobalSection(SolutionProperties) = preSolution
		HideSolutionNode = FALSE
	EndGlobalSection
	GlobalSection(ExtensibilityGlobals) = postSolution
		SolutionGuid = {C26D0331-76B7-49ED-9478-B2C2A8110512}
	EndGlobalSection
EndGlobal
